
Microsoft Visual Studio Solution File, Format Version 12.00
# Visual Studio Version 17
VisualStudioVersion = 17.11.35312.102
MinimumVisualStudioVersion = 10.0.40219.1
Project("{9A19103F-16F7-4668-BE54-9A1E7A4F7556}") = "CustomerApi", "CustomerApi.csproj", "{3242FC61-B6D1-462A-BC43-84B9A3CDC77A}"
EndProject
Project("{9A19103F-16F7-4668-BE54-9A1E7A4F7556}") = "CustomerApi.Tests", "..\CustomerApi.Tests\CustomerApi.Tests.csproj", "{626EBAC3-4CB7-4191-A810-C334C7773718}"
	ProjectSection(ProjectDependencies) = postProject
		{3242FC61-B6D1-462A-BC43-84B9A3CDC77A} = {3242FC61-B6D1-462A-BC43-84B9A3CDC77A}
	EndProjectSection
EndProject
Global
	GlobalSection(SolutionConfigurationPlatforms) = preSolution
		Debug|Any CPU = Debug|Any CPU
		Release|Any CPU = Release|Any CPU
	EndGlobalSection
	GlobalSection(ProjectConfigurationPlatforms) = postSolution
		{3242FC61-B6D1-462A-BC43-84B9A3CDC77A}.Debug|Any CPU.ActiveCfg = Debug|Any CPU
		{3242FC61-B6D1-462A-BC43-84B9A3CDC77A}.Debug|Any CPU.Build.0 = Debug|Any CPU
		{3242FC61-B6D1-462A-BC43-84B9A3CDC77A}.Release|Any CPU.ActiveCfg = Release|Any CPU
		{3242FC61-B6D1-462A-BC43-84B9A3CDC77A}.Release|Any CPU.Build.0 = Release|Any CPU
		{626EBAC3-4CB7-4191-A810-C334C7773718}.Debug|Any CPU.ActiveCfg = Debug|Any CPU
		{626EBAC3-4CB7-4191-A810-C334C7773718}.Debug|Any CPU.Build.0 = Debug|Any CPU
		{626EBAC3-4CB7-4191-A810-C334C7773718}.Release|Any CPU.ActiveCfg = Release|Any CPU
		{626EBAC3-4CB7-4191-A810-C334C7773718}.Release|Any CPU.Build.0 = Release|Any CPU
	EndGlobalSection
	GlobalSection(SolutionProperties) = preSolution
		HideSolutionNode = FALSE
	EndGlobalSection
	GlobalSection(ExtensibilityGlobals) = postSolution
		SolutionGuid = {AFDA36AA-AC41-4F99-B0FB-2C3C44EB1F13}
	EndGlobalSection
EndGlobal
